
Microsoft Visual Studio Solution File, Format Version 12.00
# Visual Studio Version 16
VisualStudioVersion = 16.0.30406.217
MinimumVisualStudioVersion = 10.0.40219.1
Project("{888888A0-9F3D-457C-B088-3A5042F75D52}") = "demoAuth", "demoAuth\demoAuth.pyproj", "{72E0DF7C-85AD-40E3-91EE-1847A398B1E0}"
EndProject
Global
	GlobalSection(SolutionConfigurationPlatforms) = preSolution
		Debug|Any CPU = Debug|Any CPU
		Release|Any CPU = Release|Any CPU
	EndGlobalSection
	GlobalSection(ProjectConfigurationPlatforms) = postSolution
		{72E0DF7C-85AD-40E3-91EE-1847A398B1E0}.Debug|Any CPU.ActiveCfg = Debug|Any CPU
		{72E0DF7C-85AD-40E3-91EE-1847A398B1E0}.Debug|Any CPU.Build.0 = Debug|Any CPU
		{72E0DF7C-85AD-40E3-91EE-1847A398B1E0}.Release|Any CPU.ActiveCfg = Release|Any CPU
		{72E0DF7C-85AD-40E3-91EE-1847A398B1E0}.Release|Any CPU.Build.0 = Release|Any CPU
	EndGlobalSection
	GlobalSection(SolutionProperties) = preSolution
		HideSolutionNode = FALSE
	EndGlobalSection
	GlobalSection(ExtensibilityGlobals) = postSolution
		SolutionGuid = {E0608B5F-AE71-4E1C-B7CE-FF5B75B84F3D}
	EndGlobalSection
EndGlobal
